// !$*UTF8*$!
{
	archiveVersion = 1;
	classes = {
	};
	objectVersion = 50;
	objects = {

/* Begin PBXBuildFile section */
		8402AECF25B9CE10000C617C /* NewsCollectionViewLayout.swift in Sources */ = {isa = PBXBuildFile; fileRef = 8402AECE25B9CE10000C617C /* NewsCollectionViewLayout.swift */; };
		843D9A1225B95EE8007F0B1F /* RefreshControl+ext.swift in Sources */ = {isa = PBXBuildFile; fileRef = 843D9A1125B95EE8007F0B1F /* RefreshControl+ext.swift */; };
		8445D28F25A21E7E0047E59B /* Users.swift in Sources */ = {isa = PBXBuildFile; fileRef = 8445D28D25A21E7E0047E59B /* Users.swift */; };
		8445D29025A21E7E0047E59B /* NetworkService.swift in Sources */ = {isa = PBXBuildFile; fileRef = 8445D28E25A21E7E0047E59B /* NetworkService.swift */; };
		8448263A25B917DC00425D5A /* NewsFeedCollectionViewCell.swift in Sources */ = {isa = PBXBuildFile; fileRef = 8448263825B917DC00425D5A /* NewsFeedCollectionViewCell.swift */; };
		8448263B25B917DC00425D5A /* NewsFeedCollectionViewCell.xib in Resources */ = {isa = PBXBuildFile; fileRef = 8448263925B917DC00425D5A /* NewsFeedCollectionViewCell.xib */; };
		8448263F25B921FC00425D5A /* MyFrendsViewController.swift in Sources */ = {isa = PBXBuildFile; fileRef = 8448263E25B921FC00425D5A /* MyFrendsViewController.swift */; };
		8448264325B9318800425D5A /* VKUserTableViewCell.swift in Sources */ = {isa = PBXBuildFile; fileRef = 8448264125B9318800425D5A /* VKUserTableViewCell.swift */; };
		8448264425B9318800425D5A /* VKUserTableViewCell.xib in Resources */ = {isa = PBXBuildFile; fileRef = 8448264225B9318800425D5A /* VKUserTableViewCell.xib */; };
		844A5CAF258FAF7300DB145E /* AppDelegate.swift in Sources */ = {isa = PBXBuildFile; fileRef = 844A5CAE258FAF7300DB145E /* AppDelegate.swift */; };
		844A5CB1258FAF7300DB145E /* SceneDelegate.swift in Sources */ = {isa = PBXBuildFile; fileRef = 844A5CB0258FAF7300DB145E /* SceneDelegate.swift */; };
		844A5CB6258FAF7300DB145E /* Main.storyboard in Resources */ = {isa = PBXBuildFile; fileRef = 844A5CB4258FAF7300DB145E /* Main.storyboard */; };
		844A5CB8258FAF7400DB145E /* Assets.xcassets in Resources */ = {isa = PBXBuildFile; fileRef = 844A5CB7258FAF7400DB145E /* Assets.xcassets */; };
		844A5CBB258FAF7400DB145E /* LaunchScreen.storyboard in Resources */ = {isa = PBXBuildFile; fileRef = 844A5CB9258FAF7400DB145E /* LaunchScreen.storyboard */; };
		844A5CC9258FB1BC00DB145E /* LoginViewController.swift in Sources */ = {isa = PBXBuildFile; fileRef = 844A5CC8258FB1BC00DB145E /* LoginViewController.swift */; };
		84547F8D25B5C08B00B67D86 /* CollectionHeaderView.xib in Resources */ = {isa = PBXBuildFile; fileRef = 84547F8C25B5C08B00B67D86 /* CollectionHeaderView.xib */; };
		84547F9025B5C0C500B67D86 /* CollectionHeaderView.swift in Sources */ = {isa = PBXBuildFile; fileRef = 84547F8F25B5C0C500B67D86 /* CollectionHeaderView.swift */; };
		8461A28C25A2F7510080C9CF /* ImageView+ext.swift in Sources */ = {isa = PBXBuildFile; fileRef = 8461A28B25A2F7510080C9CF /* ImageView+ext.swift */; };
		8461A29825A35E020080C9CF /* UserImage.swift in Sources */ = {isa = PBXBuildFile; fileRef = 8461A29725A35E020080C9CF /* UserImage.swift */; };
		846E01A9259849F5007554E0 /* VKGroupTableViewCell.swift in Sources */ = {isa = PBXBuildFile; fileRef = 846E01A7259849F5007554E0 /* VKGroupTableViewCell.swift */; };
		846E01AA259849F5007554E0 /* VKGroupTableViewCell.xib in Resources */ = {isa = PBXBuildFile; fileRef = 846E01A8259849F5007554E0 /* VKGroupTableViewCell.xib */; };
		846E01AF25985BE7007554E0 /* User.swift in Sources */ = {isa = PBXBuildFile; fileRef = 846E01AE25985BE7007554E0 /* User.swift */; };
		846E01B225985BF6007554E0 /* Group.swift in Sources */ = {isa = PBXBuildFile; fileRef = 846E01B125985BF6007554E0 /* Group.swift */; };
		846E01BA25988216007554E0 /* MyFrendsTableViewCell.swift in Sources */ = {isa = PBXBuildFile; fileRef = 846E01B925988216007554E0 /* MyFrendsTableViewCell.swift */; };
		848FDAA725A6B886001A6ABE /* ControlView+ext.swift in Sources */ = {isa = PBXBuildFile; fileRef = 848FDAA625A6B886001A6ABE /* ControlView+ext.swift */; };
		848FDABA25A761AB001A6ABE /* Array+ext.swift in Sources */ = {isa = PBXBuildFile; fileRef = 848FDAB925A761AB001A6ABE /* Array+ext.swift */; };
		849F10A525BA819900CF9B38 /* K.swift in Sources */ = {isa = PBXBuildFile; fileRef = 849F10A425BA819900CF9B38 /* K.swift */; };
		849F10A925BA87B500CF9B38 /* FrendsTableViewHeader.xib in Resources */ = {isa = PBXBuildFile; fileRef = 849F10A825BA87B500CF9B38 /* FrendsTableViewHeader.xib */; };
		849F10AC25BA87D400CF9B38 /* FrendsTableViewHeader.swift in Sources */ = {isa = PBXBuildFile; fileRef = 849F10AB25BA87D400CF9B38 /* FrendsTableViewHeader.swift */; };
		84A18BF925B7240100063FA7 /* NewsFeedViewController.swift in Sources */ = {isa = PBXBuildFile; fileRef = 84A18BF825B7240100063FA7 /* NewsFeedViewController.swift */; };
		84A26E7E2596EBBA00299CCA /* GroupsTableViewController.swift in Sources */ = {isa = PBXBuildFile; fileRef = 84A26E7D2596EBBA00299CCA /* GroupsTableViewController.swift */; };
		84A26E832596F0BC00299CCA /* GroupsTableViewCell.swift in Sources */ = {isa = PBXBuildFile; fileRef = 84A26E822596F0BC00299CCA /* GroupsTableViewCell.swift */; };
		84A3334025978CE800E7424E /* ImageGalleryCollectionViewController.swift in Sources */ = {isa = PBXBuildFile; fileRef = 84A3333F25978CE800E7424E /* ImageGalleryCollectionViewController.swift */; };
		84A3334325978FAD00E7424E /* FrendCollectionViewCell.swift in Sources */ = {isa = PBXBuildFile; fileRef = 84A3334225978FAD00E7424E /* FrendCollectionViewCell.swift */; };
		84CFD10C259747E0007C99FC /* MyGroupsTableViewController.swift in Sources */ = {isa = PBXBuildFile; fileRef = 84CFD10B259747E0007C99FC /* MyGroupsTableViewController.swift */; };
		84CFD11025975060007C99FC /* MyGroupsTableViewCell.swift in Sources */ = {isa = PBXBuildFile; fileRef = 84CFD10F25975060007C99FC /* MyGroupsTableViewCell.swift */; };
		84D4756025B4421600A4705A /* HelloView.xib in Resources */ = {isa = PBXBuildFile; fileRef = 84D4755F25B4421600A4705A /* HelloView.xib */; };
		84D4756325B4422E00A4705A /* HelloView.swift in Sources */ = {isa = PBXBuildFile; fileRef = 84D4756225B4422E00A4705A /* HelloView.swift */; };
		84D4756825B446EC00A4705A /* HelloViewController.swift in Sources */ = {isa = PBXBuildFile; fileRef = 84D4756725B446EC00A4705A /* HelloViewController.swift */; };
		84D4756B25B4757100A4705A /* HeaderTableView.swift in Sources */ = {isa = PBXBuildFile; fileRef = 84D4756A25B4757100A4705A /* HeaderTableView.swift */; };
		84D4756E25B475AE00A4705A /* HeaderTableView.xib in Resources */ = {isa = PBXBuildFile; fileRef = 84D4756D25B475AE00A4705A /* HeaderTableView.xib */; };
/* End PBXBuildFile section */

/* Begin PBXFileReference section */
		8402AECE25B9CE10000C617C /* NewsCollectionViewLayout.swift */ = {isa = PBXFileReference; lastKnownFileType = sourcecode.swift; path = NewsCollectionViewLayout.swift; sourceTree = "<group>"; };
		843D9A1125B95EE8007F0B1F /* RefreshControl+ext.swift */ = {isa = PBXFileReference; lastKnownFileType = sourcecode.swift; path = "RefreshControl+ext.swift"; sourceTree = "<group>"; };
		8445D28D25A21E7E0047E59B /* Users.swift */ = {isa = PBXFileReference; fileEncoding = 4; lastKnownFileType = sourcecode.swift; path = Users.swift; sourceTree = "<group>"; };
		8445D28E25A21E7E0047E59B /* NetworkService.swift */ = {isa = PBXFileReference; fileEncoding = 4; lastKnownFileType = sourcecode.swift; path = NetworkService.swift; sourceTree = "<group>"; };
		8448263825B917DC00425D5A /* NewsFeedCollectionViewCell.swift */ = {isa = PBXFileReference; lastKnownFileType = sourcecode.swift; path = NewsFeedCollectionViewCell.swift; sourceTree = "<group>"; };
		8448263925B917DC00425D5A /* NewsFeedCollectionViewCell.xib */ = {isa = PBXFileReference; lastKnownFileType = file.xib; path = NewsFeedCollectionViewCell.xib; sourceTree = "<group>"; };
		8448263E25B921FC00425D5A /* MyFrendsViewController.swift */ = {isa = PBXFileReference; lastKnownFileType = sourcecode.swift; path = MyFrendsViewController.swift; sourceTree = "<group>"; };
		8448264125B9318800425D5A /* VKUserTableViewCell.swift */ = {isa = PBXFileReference; lastKnownFileType = sourcecode.swift; path = VKUserTableViewCell.swift; sourceTree = "<group>"; };
		8448264225B9318800425D5A /* VKUserTableViewCell.xib */ = {isa = PBXFileReference; lastKnownFileType = file.xib; path = VKUserTableViewCell.xib; sourceTree = "<group>"; };
		844A5CAB258FAF7300DB145E /* VKsimulator.app */ = {isa = PBXFileReference; explicitFileType = wrapper.application; includeInIndex = 0; path = VKsimulator.app; sourceTree = BUILT_PRODUCTS_DIR; };
		844A5CAE258FAF7300DB145E /* AppDelegate.swift */ = {isa = PBXFileReference; lastKnownFileType = sourcecode.swift; path = AppDelegate.swift; sourceTree = "<group>"; };
		844A5CB0258FAF7300DB145E /* SceneDelegate.swift */ = {isa = PBXFileReference; lastKnownFileType = sourcecode.swift; path = SceneDelegate.swift; sourceTree = "<group>"; };
		844A5CB5258FAF7300DB145E /* Base */ = {isa = PBXFileReference; lastKnownFileType = file.storyboard; name = Base; path = Base.lproj/Main.storyboard; sourceTree = "<group>"; };
		844A5CB7258FAF7400DB145E /* Assets.xcassets */ = {isa = PBXFileReference; lastKnownFileType = folder.assetcatalog; path = Assets.xcassets; sourceTree = "<group>"; };
		844A5CBA258FAF7400DB145E /* Base */ = {isa = PBXFileReference; lastKnownFileType = file.storyboard; name = Base; path = Base.lproj/LaunchScreen.storyboard; sourceTree = "<group>"; };
		844A5CBC258FAF7400DB145E /* Info.plist */ = {isa = PBXFileReference; lastKnownFileType = text.plist.xml; path = Info.plist; sourceTree = "<group>"; };
		844A5CC8258FB1BC00DB145E /* LoginViewController.swift */ = {isa = PBXFileReference; fileEncoding = 4; lastKnownFileType = sourcecode.swift; path = LoginViewController.swift; sourceTree = "<group>"; };
		84547F8C25B5C08B00B67D86 /* CollectionHeaderView.xib */ = {isa = PBXFileReference; lastKnownFileType = file.xib; path = CollectionHeaderView.xib; sourceTree = "<group>"; };
		84547F8F25B5C0C500B67D86 /* CollectionHeaderView.swift */ = {isa = PBXFileReference; lastKnownFileType = sourcecode.swift; path = CollectionHeaderView.swift; sourceTree = "<group>"; };
		8461A28B25A2F7510080C9CF /* ImageView+ext.swift */ = {isa = PBXFileReference; lastKnownFileType = sourcecode.swift; path = "ImageView+ext.swift"; sourceTree = "<group>"; };
		8461A29725A35E020080C9CF /* UserImage.swift */ = {isa = PBXFileReference; lastKnownFileType = sourcecode.swift; path = UserImage.swift; sourceTree = "<group>"; };
		846E01A7259849F5007554E0 /* VKGroupTableViewCell.swift */ = {isa = PBXFileReference; lastKnownFileType = sourcecode.swift; path = VKGroupTableViewCell.swift; sourceTree = "<group>"; };
		846E01A8259849F5007554E0 /* VKGroupTableViewCell.xib */ = {isa = PBXFileReference; lastKnownFileType = file.xib; path = VKGroupTableViewCell.xib; sourceTree = "<group>"; };
		846E01AE25985BE7007554E0 /* User.swift */ = {isa = PBXFileReference; lastKnownFileType = sourcecode.swift; path = User.swift; sourceTree = "<group>"; };
		846E01B125985BF6007554E0 /* Group.swift */ = {isa = PBXFileReference; lastKnownFileType = sourcecode.swift; path = Group.swift; sourceTree = "<group>"; };
		846E01B925988216007554E0 /* MyFrendsTableViewCell.swift */ = {isa = PBXFileReference; lastKnownFileType = sourcecode.swift; path = MyFrendsTableViewCell.swift; sourceTree = "<group>"; };
		848FDAA625A6B886001A6ABE /* ControlView+ext.swift */ = {isa = PBXFileReference; lastKnownFileType = sourcecode.swift; path = "ControlView+ext.swift"; sourceTree = "<group>"; };
		848FDAB925A761AB001A6ABE /* Array+ext.swift */ = {isa = PBXFileReference; lastKnownFileType = sourcecode.swift; path = "Array+ext.swift"; sourceTree = "<group>"; };
		849F10A425BA819900CF9B38 /* K.swift */ = {isa = PBXFileReference; lastKnownFileType = sourcecode.swift; path = K.swift; sourceTree = "<group>"; };
		849F10A825BA87B500CF9B38 /* FrendsTableViewHeader.xib */ = {isa = PBXFileReference; lastKnownFileType = file.xib; path = FrendsTableViewHeader.xib; sourceTree = "<group>"; };
		849F10AB25BA87D400CF9B38 /* FrendsTableViewHeader.swift */ = {isa = PBXFileReference; lastKnownFileType = sourcecode.swift; path = FrendsTableViewHeader.swift; sourceTree = "<group>"; };
		84A18BF825B7240100063FA7 /* NewsFeedViewController.swift */ = {isa = PBXFileReference; lastKnownFileType = sourcecode.swift; path = NewsFeedViewController.swift; sourceTree = "<group>"; };
		84A26E7D2596EBBA00299CCA /* GroupsTableViewController.swift */ = {isa = PBXFileReference; lastKnownFileType = sourcecode.swift; path = GroupsTableViewController.swift; sourceTree = "<group>"; };
		84A26E822596F0BC00299CCA /* GroupsTableViewCell.swift */ = {isa = PBXFileReference; lastKnownFileType = sourcecode.swift; path = GroupsTableViewCell.swift; sourceTree = "<group>"; };
		84A3333F25978CE800E7424E /* ImageGalleryCollectionViewController.swift */ = {isa = PBXFileReference; lastKnownFileType = sourcecode.swift; path = ImageGalleryCollectionViewController.swift; sourceTree = "<group>"; };
		84A3334225978FAD00E7424E /* FrendCollectionViewCell.swift */ = {isa = PBXFileReference; lastKnownFileType = sourcecode.swift; path = FrendCollectionViewCell.swift; sourceTree = "<group>"; };
		84CFD10B259747E0007C99FC /* MyGroupsTableViewController.swift */ = {isa = PBXFileReference; lastKnownFileType = sourcecode.swift; path = MyGroupsTableViewController.swift; sourceTree = "<group>"; };
		84CFD10F25975060007C99FC /* MyGroupsTableViewCell.swift */ = {isa = PBXFileReference; lastKnownFileType = sourcecode.swift; path = MyGroupsTableViewCell.swift; sourceTree = "<group>"; };
		84D4755F25B4421600A4705A /* HelloView.xib */ = {isa = PBXFileReference; lastKnownFileType = file.xib; path = HelloView.xib; sourceTree = "<group>"; };
		84D4756225B4422E00A4705A /* HelloView.swift */ = {isa = PBXFileReference; lastKnownFileType = sourcecode.swift; path = HelloView.swift; sourceTree = "<group>"; };
		84D4756725B446EC00A4705A /* HelloViewController.swift */ = {isa = PBXFileReference; lastKnownFileType = sourcecode.swift; path = HelloViewController.swift; sourceTree = "<group>"; };
		84D4756A25B4757100A4705A /* HeaderTableView.swift */ = {isa = PBXFileReference; lastKnownFileType = sourcecode.swift; path = HeaderTableView.swift; sourceTree = "<group>"; };
		84D4756D25B475AE00A4705A /* HeaderTableView.xib */ = {isa = PBXFileReference; lastKnownFileType = file.xib; path = HeaderTableView.xib; sourceTree = "<group>"; };
/* End PBXFileReference section */

/* Begin PBXFrameworksBuildPhase section */
		844A5CA8258FAF7300DB145E /* Frameworks */ = {
			isa = PBXFrameworksBuildPhase;
			buildActionMask = 2147483647;
			files = (
			);
			runOnlyForDeploymentPostprocessing = 0;
		};
/* End PBXFrameworksBuildPhase section */

/* Begin PBXGroup section */
		8445D28B25A21DE20047E59B /* Service */ = {
			isa = PBXGroup;
			children = (
				8445D28E25A21E7E0047E59B /* NetworkService.swift */,
				8445D28D25A21E7E0047E59B /* Users.swift */,
			);
			path = Service;
			sourceTree = "<group>";
		};
		844A5CA2258FAF7300DB145E = {
			isa = PBXGroup;
			children = (
				849F10A425BA819900CF9B38 /* K.swift */,
				84D4755E25B40B2C00A4705A /* CustomViewXIB */,
				8461A28A25A2F72F0080C9CF /* Extrensions */,
				8445D28B25A21DE20047E59B /* Service */,
				846E01AD25985BC4007554E0 /* Model */,
				846E01A6259849A8007554E0 /* CellsXib */,
				84A26E812596F06B00299CCA /* Cells */,
				844A5CAD258FAF7300DB145E /* VKsimulator */,
				844A5CAC258FAF7300DB145E /* Products */,
			);
			sourceTree = "<group>";
		};
		844A5CAC258FAF7300DB145E /* Products */ = {
			isa = PBXGroup;
			children = (
				844A5CAB258FAF7300DB145E /* VKsimulator.app */,
			);
			name = Products;
			sourceTree = "<group>";
		};
		844A5CAD258FAF7300DB145E /* VKsimulator */ = {
			isa = PBXGroup;
			children = (
				84547F8525B5B68D00B67D86 /* FrendsView */,
				84547F8425B5B68000B67D86 /* GroupsView */,
				844A5CC8258FB1BC00DB145E /* LoginViewController.swift */,
				844A5CAE258FAF7300DB145E /* AppDelegate.swift */,
				844A5CB0258FAF7300DB145E /* SceneDelegate.swift */,
				844A5CB4258FAF7300DB145E /* Main.storyboard */,
				844A5CB7258FAF7400DB145E /* Assets.xcassets */,
				844A5CB9258FAF7400DB145E /* LaunchScreen.storyboard */,
				844A5CBC258FAF7400DB145E /* Info.plist */,
			);
			path = VKsimulator;
			sourceTree = "<group>";
		};
		84547F8425B5B68000B67D86 /* GroupsView */ = {
			isa = PBXGroup;
			children = (
				84A26E7D2596EBBA00299CCA /* GroupsTableViewController.swift */,
				84CFD10B259747E0007C99FC /* MyGroupsTableViewController.swift */,
			);
			path = GroupsView;
			sourceTree = "<group>";
		};
		84547F8525B5B68D00B67D86 /* FrendsView */ = {
			isa = PBXGroup;
			children = (
				84A3333F25978CE800E7424E /* ImageGalleryCollectionViewController.swift */,
				84A18BF825B7240100063FA7 /* NewsFeedViewController.swift */,
				8448263E25B921FC00425D5A /* MyFrendsViewController.swift */,
				8402AECE25B9CE10000C617C /* NewsCollectionViewLayout.swift */,
			);
			path = FrendsView;
			sourceTree = "<group>";
		};
		8461A28A25A2F72F0080C9CF /* Extrensions */ = {
			isa = PBXGroup;
			children = (
				8461A28B25A2F7510080C9CF /* ImageView+ext.swift */,
				848FDAA625A6B886001A6ABE /* ControlView+ext.swift */,
				848FDAB925A761AB001A6ABE /* Array+ext.swift */,
				843D9A1125B95EE8007F0B1F /* RefreshControl+ext.swift */,
			);
			path = Extrensions;
			sourceTree = "<group>";
		};
		846E01A6259849A8007554E0 /* CellsXib */ = {
			isa = PBXGroup;
			children = (
				846E01A7259849F5007554E0 /* VKGroupTableViewCell.swift */,
				846E01A8259849F5007554E0 /* VKGroupTableViewCell.xib */,
				8448263825B917DC00425D5A /* NewsFeedCollectionViewCell.swift */,
				8448263925B917DC00425D5A /* NewsFeedCollectionViewCell.xib */,
				8448264125B9318800425D5A /* VKUserTableViewCell.swift */,
				8448264225B9318800425D5A /* VKUserTableViewCell.xib */,
			);
			path = CellsXib;
			sourceTree = "<group>";
		};
		846E01AD25985BC4007554E0 /* Model */ = {
			isa = PBXGroup;
			children = (
				846E01AE25985BE7007554E0 /* User.swift */,
				846E01B125985BF6007554E0 /* Group.swift */,
				8461A29725A35E020080C9CF /* UserImage.swift */,
			);
			path = Model;
			sourceTree = "<group>";
		};
		84A26E812596F06B00299CCA /* Cells */ = {
			isa = PBXGroup;
			children = (
				84A26E822596F0BC00299CCA /* GroupsTableViewCell.swift */,
				84CFD10F25975060007C99FC /* MyGroupsTableViewCell.swift */,
				84A3334225978FAD00E7424E /* FrendCollectionViewCell.swift */,
				846E01B925988216007554E0 /* MyFrendsTableViewCell.swift */,
			);
			path = Cells;
			sourceTree = "<group>";
		};
		84D4755E25B40B2C00A4705A /* CustomViewXIB */ = {
			isa = PBXGroup;
			children = (
				84D4755F25B4421600A4705A /* HelloView.xib */,
				84D4756225B4422E00A4705A /* HelloView.swift */,
				84D4756725B446EC00A4705A /* HelloViewController.swift */,
				84D4756A25B4757100A4705A /* HeaderTableView.swift */,
				84D4756D25B475AE00A4705A /* HeaderTableView.xib */,
				84547F8C25B5C08B00B67D86 /* CollectionHeaderView.xib */,
				84547F8F25B5C0C500B67D86 /* CollectionHeaderView.swift */,
				849F10A825BA87B500CF9B38 /* FrendsTableViewHeader.xib */,
				849F10AB25BA87D400CF9B38 /* FrendsTableViewHeader.swift */,
			);
			path = CustomViewXIB;
			sourceTree = "<group>";
		};
/* End PBXGroup section */

/* Begin PBXNativeTarget section */
		844A5CAA258FAF7300DB145E /* VKsimulator */ = {
			isa = PBXNativeTarget;
			buildConfigurationList = 844A5CBF258FAF7400DB145E /* Build configuration list for PBXNativeTarget "VKsimulator" */;
			buildPhases = (
				844A5CA7258FAF7300DB145E /* Sources */,
				844A5CA8258FAF7300DB145E /* Frameworks */,
				844A5CA9258FAF7300DB145E /* Resources */,
				84A18BF625B7228800063FA7 /* ShellScript */,
			);
			buildRules = (
			);
			dependencies = (
			);
			name = VKsimulator;
			productName = WeatherApp;
			productReference = 844A5CAB258FAF7300DB145E /* VKsimulator.app */;
			productType = "com.apple.product-type.application";
		};
/* End PBXNativeTarget section */

/* Begin PBXProject section */
		844A5CA3258FAF7300DB145E /* Project object */ = {
			isa = PBXProject;
			attributes = {
				LastSwiftUpdateCheck = 1230;
				LastUpgradeCheck = 1230;
				TargetAttributes = {
					844A5CAA258FAF7300DB145E = {
						CreatedOnToolsVersion = 12.3;
					};
				};
			};
			buildConfigurationList = 844A5CA6258FAF7300DB145E /* Build configuration list for PBXProject "VKsimulator" */;
			compatibilityVersion = "Xcode 9.3";
			developmentRegion = en;
			hasScannedForEncodings = 0;
			knownRegions = (
				en,
				Base,
			);
			mainGroup = 844A5CA2258FAF7300DB145E;
			productRefGroup = 844A5CAC258FAF7300DB145E /* Products */;
			projectDirPath = "";
			projectRoot = "";
			targets = (
				844A5CAA258FAF7300DB145E /* VKsimulator */,
			);
		};
/* End PBXProject section */

/* Begin PBXResourcesBuildPhase section */
		844A5CA9258FAF7300DB145E /* Resources */ = {
			isa = PBXResourcesBuildPhase;
			buildActionMask = 2147483647;
			files = (
				844A5CBB258FAF7400DB145E /* LaunchScreen.storyboard in Resources */,
				844A5CB8258FAF7400DB145E /* Assets.xcassets in Resources */,
				849F10A925BA87B500CF9B38 /* FrendsTableViewHeader.xib in Resources */,
				84D4756025B4421600A4705A /* HelloView.xib in Resources */,
				8448263B25B917DC00425D5A /* NewsFeedCollectionViewCell.xib in Resources */,
				84547F8D25B5C08B00B67D86 /* CollectionHeaderView.xib in Resources */,
				8448264425B9318800425D5A /* VKUserTableViewCell.xib in Resources */,
				846E01AA259849F5007554E0 /* VKGroupTableViewCell.xib in Resources */,
				84D4756E25B475AE00A4705A /* HeaderTableView.xib in Resources */,
				844A5CB6258FAF7300DB145E /* Main.storyboard in Resources */,
			);
			runOnlyForDeploymentPostprocessing = 0;
		};
/* End PBXResourcesBuildPhase section */

/* Begin PBXShellScriptBuildPhase section */
		84A18BF625B7228800063FA7 /* ShellScript */ = {
			isa = PBXShellScriptBuildPhase;
			buildActionMask = 2147483647;
			files = (
			);
			inputFileListPaths = (
			);
			inputPaths = (
			);
			outputFileListPaths = (
			);
			outputPaths = (
			);
			runOnlyForDeploymentPostprocessing = 0;
			shellPath = /bin/sh;
			shellScript = "TAGS=\"TODO|FIXME\"\nfind \"${SRCROOT}\" \\( -name \"*.h\" -or -name \"*.m\" -or -name \"*.swift\" \\) -print0 | xargs -0 egrep --with-filename --line-number --only-matching \"($TAGS).*\\$\" | perl -p -e \"s/($TAGS)/ warning: \\$1/\"\n";
		};
/* End PBXShellScriptBuildPhase section */

/* Begin PBXSourcesBuildPhase section */
		844A5CA7258FAF7300DB145E /* Sources */ = {
			isa = PBXSourcesBuildPhase;
			buildActionMask = 2147483647;
			files = (
				84A3334325978FAD00E7424E /* FrendCollectionViewCell.swift in Sources */,
				84A26E832596F0BC00299CCA /* GroupsTableViewCell.swift in Sources */,
				84A3334025978CE800E7424E /* ImageGalleryCollectionViewController.swift in Sources */,
				84D4756B25B4757100A4705A /* HeaderTableView.swift in Sources */,
				843D9A1225B95EE8007F0B1F /* RefreshControl+ext.swift in Sources */,
				84CFD10C259747E0007C99FC /* MyGroupsTableViewController.swift in Sources */,
				8445D29025A21E7E0047E59B /* NetworkService.swift in Sources */,
				84A26E7E2596EBBA00299CCA /* GroupsTableViewController.swift in Sources */,
				8461A29825A35E020080C9CF /* UserImage.swift in Sources */,
				846E01B225985BF6007554E0 /* Group.swift in Sources */,
				846E01BA25988216007554E0 /* MyFrendsTableViewCell.swift in Sources */,
				8445D28F25A21E7E0047E59B /* Users.swift in Sources */,
				846E01A9259849F5007554E0 /* VKGroupTableViewCell.swift in Sources */,
				8448264325B9318800425D5A /* VKUserTableViewCell.swift in Sources */,
				8448263F25B921FC00425D5A /* MyFrendsViewController.swift in Sources */,
				849F10AC25BA87D400CF9B38 /* FrendsTableViewHeader.swift in Sources */,
				844A5CC9258FB1BC00DB145E /* LoginViewController.swift in Sources */,
				846E01AF25985BE7007554E0 /* User.swift in Sources */,
				844A5CAF258FAF7300DB145E /* AppDelegate.swift in Sources */,
				844A5CB1258FAF7300DB145E /* SceneDelegate.swift in Sources */,
				8461A28C25A2F7510080C9CF /* ImageView+ext.swift in Sources */,
				848FDABA25A761AB001A6ABE /* Array+ext.swift in Sources */,
				84CFD11025975060007C99FC /* MyGroupsTableViewCell.swift in Sources */,
				84D4756325B4422E00A4705A /* HelloView.swift in Sources */,
				84547F9025B5C0C500B67D86 /* CollectionHeaderView.swift in Sources */,
				848FDAA725A6B886001A6ABE /* ControlView+ext.swift in Sources */,
				84D4756825B446EC00A4705A /* HelloViewController.swift in Sources */,
				8448263A25B917DC00425D5A /* NewsFeedCollectionViewCell.swift in Sources */,
				849F10A525BA819900CF9B38 /* K.swift in Sources */,
				84A18BF925B7240100063FA7 /* NewsFeedViewController.swift in Sources */,
				8402AECF25B9CE10000C617C /* NewsCollectionViewLayout.swift in Sources */,
			);
			runOnlyForDeploymentPostprocessing = 0;
		};
/* End PBXSourcesBuildPhase section */

/* Begin PBXVariantGroup section */
		844A5CB4258FAF7300DB145E /* Main.storyboard */ = {
			isa = PBXVariantGroup;
			children = (
				844A5CB5258FAF7300DB145E /* Base */,
			);
			name = Main.storyboard;
			sourceTree = "<group>";
		};
		844A5CB9258FAF7400DB145E /* LaunchScreen.storyboard */ = {
			isa = PBXVariantGroup;
			children = (
				844A5CBA258FAF7400DB145E /* Base */,
			);
			name = LaunchScreen.storyboard;
			sourceTree = "<group>";
		};
/* End PBXVariantGroup section */

/* Begin XCBuildConfiguration section */
		844A5CBD258FAF7400DB145E /* Debug */ = {
			isa = XCBuildConfiguration;
			buildSettings = {
				ALWAYS_SEARCH_USER_PATHS = NO;
				CLANG_ANALYZER_NONNULL = YES;
				CLANG_ANALYZER_NUMBER_OBJECT_CONVERSION = YES_AGGRESSIVE;
				CLANG_CXX_LANGUAGE_STANDARD = "gnu++14";
				CLANG_CXX_LIBRARY = "libc++";
				CLANG_ENABLE_MODULES = YES;
				CLANG_ENABLE_OBJC_ARC = YES;
				CLANG_ENABLE_OBJC_WEAK = YES;
				CLANG_WARN_BLOCK_CAPTURE_AUTORELEASING = YES;
				CLANG_WARN_BOOL_CONVERSION = YES;
				CLANG_WARN_COMMA = YES;
				CLANG_WARN_CONSTANT_CONVERSION = YES;
				CLANG_WARN_DEPRECATED_OBJC_IMPLEMENTATIONS = YES;
				CLANG_WARN_DIRECT_OBJC_ISA_USAGE = YES_ERROR;
				CLANG_WARN_DOCUMENTATION_COMMENTS = YES;
				CLANG_WARN_EMPTY_BODY = YES;
				CLANG_WARN_ENUM_CONVERSION = YES;
				CLANG_WARN_INFINITE_RECURSION = YES;
				CLANG_WARN_INT_CONVERSION = YES;
				CLANG_WARN_NON_LITERAL_NULL_CONVERSION = YES;
				CLANG_WARN_OBJC_IMPLICIT_RETAIN_SELF = YES;
				CLANG_WARN_OBJC_LITERAL_CONVERSION = YES;
				CLANG_WARN_OBJC_ROOT_CLASS = YES_ERROR;
				CLANG_WARN_QUOTED_INCLUDE_IN_FRAMEWORK_HEADER = YES;
				CLANG_WARN_RANGE_LOOP_ANALYSIS = YES;
				CLANG_WARN_STRICT_PROTOTYPES = YES;
				CLANG_WARN_SUSPICIOUS_MOVE = YES;
				CLANG_WARN_UNGUARDED_AVAILABILITY = YES_AGGRESSIVE;
				CLANG_WARN_UNREACHABLE_CODE = YES;
				CLANG_WARN__DUPLICATE_METHOD_MATCH = YES;
				COPY_PHASE_STRIP = NO;
				DEBUG_INFORMATION_FORMAT = dwarf;
				ENABLE_STRICT_OBJC_MSGSEND = YES;
				ENABLE_TESTABILITY = YES;
				GCC_C_LANGUAGE_STANDARD = gnu11;
				GCC_DYNAMIC_NO_PIC = NO;
				GCC_NO_COMMON_BLOCKS = YES;
				GCC_OPTIMIZATION_LEVEL = 0;
				GCC_PREPROCESSOR_DEFINITIONS = (
					"DEBUG=1",
					"$(inherited)",
				);
				GCC_WARN_64_TO_32_BIT_CONVERSION = YES;
				GCC_WARN_ABOUT_RETURN_TYPE = YES_ERROR;
				GCC_WARN_UNDECLARED_SELECTOR = YES;
				GCC_WARN_UNINITIALIZED_AUTOS = YES_AGGRESSIVE;
				GCC_WARN_UNUSED_FUNCTION = YES;
				GCC_WARN_UNUSED_VARIABLE = YES;
				IPHONEOS_DEPLOYMENT_TARGET = 13.0;
				MTL_ENABLE_DEBUG_INFO = INCLUDE_SOURCE;
				MTL_FAST_MATH = YES;
				NEW_SETTING = "";
				ONLY_ACTIVE_ARCH = YES;
				SDKROOT = iphoneos;
				SWIFT_ACTIVE_COMPILATION_CONDITIONS = DEBUG;
				SWIFT_OPTIMIZATION_LEVEL = "-Onone";
			};
			name = Debug;
		};
		844A5CBE258FAF7400DB145E /* Release */ = {
			isa = XCBuildConfiguration;
			buildSettings = {
				ALWAYS_SEARCH_USER_PATHS = NO;
				CLANG_ANALYZER_NONNULL = YES;
				CLANG_ANALYZER_NUMBER_OBJECT_CONVERSION = YES_AGGRESSIVE;
				CLANG_CXX_LANGUAGE_STANDARD = "gnu++14";
				CLANG_CXX_LIBRARY = "libc++";
				CLANG_ENABLE_MODULES = YES;
				CLANG_ENABLE_OBJC_ARC = YES;
				CLANG_ENABLE_OBJC_WEAK = YES;
				CLANG_WARN_BLOCK_CAPTURE_AUTORELEASING = YES;
				CLANG_WARN_BOOL_CONVERSION = YES;
				CLANG_WARN_COMMA = YES;
				CLANG_WARN_CONSTANT_CONVERSION = YES;
				CLANG_WARN_DEPRECATED_OBJC_IMPLEMENTATIONS = YES;
				CLANG_WARN_DIRECT_OBJC_ISA_USAGE = YES_ERROR;
				CLANG_WARN_DOCUMENTATION_COMMENTS = YES;
				CLANG_WARN_EMPTY_BODY = YES;
				CLANG_WARN_ENUM_CONVERSION = YES;
				CLANG_WARN_INFINITE_RECURSION = YES;
				CLANG_WARN_INT_CONVERSION = YES;
				CLANG_WARN_NON_LITERAL_NULL_CONVERSION = YES;
				CLANG_WARN_OBJC_IMPLICIT_RETAIN_SELF = YES;
				CLANG_WARN_OBJC_LITERAL_CONVERSION = YES;
				CLANG_WARN_OBJC_ROOT_CLASS = YES_ERROR;
				CLANG_WARN_QUOTED_INCLUDE_IN_FRAMEWORK_HEADER = YES;
				CLANG_WARN_RANGE_LOOP_ANALYSIS = YES;
				CLANG_WARN_STRICT_PROTOTYPES = YES;
				CLANG_WARN_SUSPICIOUS_MOVE = YES;
				CLANG_WARN_UNGUARDED_AVAILABILITY = YES_AGGRESSIVE;
				CLANG_WARN_UNREACHABLE_CODE = YES;
				CLANG_WARN__DUPLICATE_METHOD_MATCH = YES;
				COPY_PHASE_STRIP = NO;
				DEBUG_INFORMATION_FORMAT = "dwarf-with-dsym";
				ENABLE_NS_ASSERTIONS = NO;
				ENABLE_STRICT_OBJC_MSGSEND = YES;
				GCC_C_LANGUAGE_STANDARD = gnu11;
				GCC_NO_COMMON_BLOCKS = YES;
				GCC_WARN_64_TO_32_BIT_CONVERSION = YES;
				GCC_WARN_ABOUT_RETURN_TYPE = YES_ERROR;
				GCC_WARN_UNDECLARED_SELECTOR = YES;
				GCC_WARN_UNINITIALIZED_AUTOS = YES_AGGRESSIVE;
				GCC_WARN_UNUSED_FUNCTION = YES;
				GCC_WARN_UNUSED_VARIABLE = YES;
				IPHONEOS_DEPLOYMENT_TARGET = 13.0;
				MTL_ENABLE_DEBUG_INFO = NO;
				MTL_FAST_MATH = YES;
				NEW_SETTING = "";
				SDKROOT = iphoneos;
				SWIFT_COMPILATION_MODE = wholemodule;
				SWIFT_OPTIMIZATION_LEVEL = "-O";
				VALIDATE_PRODUCT = YES;
			};
			name = Release;
		};
		844A5CC0258FAF7400DB145E /* Debug */ = {
			isa = XCBuildConfiguration;
			buildSettings = {
				ASSETCATALOG_COMPILER_APPICON_NAME = AppIcon;
				ASSETCATALOG_COMPILER_GLOBAL_ACCENT_COLOR_NAME = AccentColor;
				CODE_SIGN_IDENTITY = "Apple Development";
				CODE_SIGN_STYLE = Automatic;
				DEVELOPMENT_TEAM = ZMX77LFT7B;
				INFOPLIST_FILE = VKsimulator/Info.plist;
				LD_RUNPATH_SEARCH_PATHS = (
					"$(inherited)",
					"@executable_path/Frameworks",
				);
				PRODUCT_BUNDLE_IDENTIFIER = www.koloma2.VKsimulator;
				PRODUCT_NAME = "$(TARGET_NAME)";
				PROVISIONING_PROFILE_SPECIFIER = "";
				SWIFT_VERSION = 5.0;
				TARGETED_DEVICE_FAMILY = "1,2";
			};
			name = Debug;
		};
		844A5CC1258FAF7400DB145E /* Release */ = {
			isa = XCBuildConfiguration;
			buildSettings = {
				ASSETCATALOG_COMPILER_APPICON_NAME = AppIcon;
				ASSETCATALOG_COMPILER_GLOBAL_ACCENT_COLOR_NAME = AccentColor;
				CODE_SIGN_IDENTITY = "Apple Development";
				CODE_SIGN_STYLE = Automatic;
				DEVELOPMENT_TEAM = ZMX77LFT7B;
				INFOPLIST_FILE = VKsimulator/Info.plist;
				LD_RUNPATH_SEARCH_PATHS = (
					"$(inherited)",
					"@executable_path/Frameworks",
				);
				PRODUCT_BUNDLE_IDENTIFIER = www.koloma2.VKsimulator;
				PRODUCT_NAME = "$(TARGET_NAME)";
				PROVISIONING_PROFILE_SPECIFIER = "";
				SWIFT_VERSION = 5.0;
				TARGETED_DEVICE_FAMILY = "1,2";
			};
			name = Release;
		};
/* End XCBuildConfiguration section */

/* Begin XCConfigurationList section */
		844A5CA6258FAF7300DB145E /* Build configuration list for PBXProject "VKsimulator" */ = {
			isa = XCConfigurationList;
			buildConfigurations = (
				844A5CBD258FAF7400DB145E /* Debug */,
				844A5CBE258FAF7400DB145E /* Release */,
			);
			defaultConfigurationIsVisible = 0;
			defaultConfigurationName = Release;
		};
		844A5CBF258FAF7400DB145E /* Build configuration list for PBXNativeTarget "VKsimulator" */ = {
			isa = XCConfigurationList;
			buildConfigurations = (
				844A5CC0258FAF7400DB145E /* Debug */,
				844A5CC1258FAF7400DB145E /* Release */,
			);
			defaultConfigurationIsVisible = 0;
			defaultConfigurationName = Release;
		};
/* End XCConfigurationList section */
	};
	rootObject = 844A5CA3258FAF7300DB145E /* Project object */;
}
